
Microsoft Visual Studio Solution File, Format Version 12.00
# Visual Studio Version 17
VisualStudioVersion = 17.2.32526.322
MinimumVisualStudioVersion = 10.0.40219.1
Project("{2150E333-8FDC-42A3-9474-1A3956D46DE8}") = "src", "src", "{C03DDC7A-537D-4886-AE7F-1854E5E49158}"
EndProject
Project("{2150E333-8FDC-42A3-9474-1A3956D46DE8}") = "infraestructure", "infraestructure", "{966DF8C0-62A5-4A55-BF78-6C9E89BDC867}"
EndProject
Project("{2150E333-8FDC-42A3-9474-1A3956D46DE8}") = "Core", "Core", "{D27CF702-FE70-4194-B997-5AF6D44488DC}"
EndProject
Project("{2150E333-8FDC-42A3-9474-1A3956D46DE8}") = "Presentation", "Presentation", "{2D002F1C-25FD-48D7-AD8C-025968263F02}"
EndProject
Project("{FAE04EC0-301F-11D3-BF4B-00C04F79EFBC}") = "Application", "Application\Application.csproj", "{C03672F4-9878-4B4D-94F1-F2C3AD1F28AC}"
EndProject
Project("{FAE04EC0-301F-11D3-BF4B-00C04F79EFBC}") = "Domain", "Domain\Domain.csproj", "{A23E6FC8-B9F8-4E9A-BF6C-BC7B7A3EAB37}"
EndProject
Project("{FAE04EC0-301F-11D3-BF4B-00C04F79EFBC}") = "Persistence", "Persistence\Persistence.csproj", "{B445AD1D-822F-42DD-A3D7-AE0DCC3F57A8}"
EndProject
Project("{FAE04EC0-301F-11D3-BF4B-00C04F79EFBC}") = "Shared", "Shared\Shared.csproj", "{A713DAEB-DE9E-475A-B90E-516FAC76FC49}"
EndProject
Project("{FAE04EC0-301F-11D3-BF4B-00C04F79EFBC}") = "WebAPI", "WebAPI\WebAPI.csproj", "{8BB1BE88-BC20-4606-9B0E-15732046CC47}"
EndProject
Global
	GlobalSection(SolutionConfigurationPlatforms) = preSolution
		Debug|Any CPU = Debug|Any CPU
		Release|Any CPU = Release|Any CPU
	EndGlobalSection
	GlobalSection(ProjectConfigurationPlatforms) = postSolution
		{C03672F4-9878-4B4D-94F1-F2C3AD1F28AC}.Debug|Any CPU.ActiveCfg = Debug|Any CPU
		{C03672F4-9878-4B4D-94F1-F2C3AD1F28AC}.Debug|Any CPU.Build.0 = Debug|Any CPU
		{C03672F4-9878-4B4D-94F1-F2C3AD1F28AC}.Release|Any CPU.ActiveCfg = Release|Any CPU
		{C03672F4-9878-4B4D-94F1-F2C3AD1F28AC}.Release|Any CPU.Build.0 = Release|Any CPU
		{A23E6FC8-B9F8-4E9A-BF6C-BC7B7A3EAB37}.Debug|Any CPU.ActiveCfg = Debug|Any CPU
		{A23E6FC8-B9F8-4E9A-BF6C-BC7B7A3EAB37}.Debug|Any CPU.Build.0 = Debug|Any CPU
		{A23E6FC8-B9F8-4E9A-BF6C-BC7B7A3EAB37}.Release|Any CPU.ActiveCfg = Release|Any CPU
		{A23E6FC8-B9F8-4E9A-BF6C-BC7B7A3EAB37}.Release|Any CPU.Build.0 = Release|Any CPU
		{B445AD1D-822F-42DD-A3D7-AE0DCC3F57A8}.Debug|Any CPU.ActiveCfg = Debug|Any CPU
		{B445AD1D-822F-42DD-A3D7-AE0DCC3F57A8}.Debug|Any CPU.Build.0 = Debug|Any CPU
		{B445AD1D-822F-42DD-A3D7-AE0DCC3F57A8}.Release|Any CPU.ActiveCfg = Release|Any CPU
		{B445AD1D-822F-42DD-A3D7-AE0DCC3F57A8}.Release|Any CPU.Build.0 = Release|Any CPU
		{A713DAEB-DE9E-475A-B90E-516FAC76FC49}.Debug|Any CPU.ActiveCfg = Debug|Any CPU
		{A713DAEB-DE9E-475A-B90E-516FAC76FC49}.Debug|Any CPU.Build.0 = Debug|Any CPU
		{A713DAEB-DE9E-475A-B90E-516FAC76FC49}.Release|Any CPU.ActiveCfg = Release|Any CPU
		{A713DAEB-DE9E-475A-B90E-516FAC76FC49}.Release|Any CPU.Build.0 = Release|Any CPU
		{8BB1BE88-BC20-4606-9B0E-15732046CC47}.Debug|Any CPU.ActiveCfg = Debug|Any CPU
		{8BB1BE88-BC20-4606-9B0E-15732046CC47}.Debug|Any CPU.Build.0 = Debug|Any CPU
		{8BB1BE88-BC20-4606-9B0E-15732046CC47}.Release|Any CPU.ActiveCfg = Release|Any CPU
		{8BB1BE88-BC20-4606-9B0E-15732046CC47}.Release|Any CPU.Build.0 = Release|Any CPU
	EndGlobalSection
	GlobalSection(SolutionProperties) = preSolution
		HideSolutionNode = FALSE
	EndGlobalSection
	GlobalSection(NestedProjects) = preSolution
		{966DF8C0-62A5-4A55-BF78-6C9E89BDC867} = {C03DDC7A-537D-4886-AE7F-1854E5E49158}
		{D27CF702-FE70-4194-B997-5AF6D44488DC} = {C03DDC7A-537D-4886-AE7F-1854E5E49158}
		{2D002F1C-25FD-48D7-AD8C-025968263F02} = {C03DDC7A-537D-4886-AE7F-1854E5E49158}
		{C03672F4-9878-4B4D-94F1-F2C3AD1F28AC} = {D27CF702-FE70-4194-B997-5AF6D44488DC}
		{A23E6FC8-B9F8-4E9A-BF6C-BC7B7A3EAB37} = {D27CF702-FE70-4194-B997-5AF6D44488DC}
		{B445AD1D-822F-42DD-A3D7-AE0DCC3F57A8} = {966DF8C0-62A5-4A55-BF78-6C9E89BDC867}
		{A713DAEB-DE9E-475A-B90E-516FAC76FC49} = {966DF8C0-62A5-4A55-BF78-6C9E89BDC867}
		{8BB1BE88-BC20-4606-9B0E-15732046CC47} = {2D002F1C-25FD-48D7-AD8C-025968263F02}
	EndGlobalSection
	GlobalSection(ExtensibilityGlobals) = postSolution
		SolutionGuid = {92C9DE7E-C9DB-4FEE-BC78-A5D3F0BD5137}
	EndGlobalSection
EndGlobal
